
Microsoft Visual Studio Solution File, Format Version 12.00
# Visual Studio 15
VisualStudioVersion = 15.0.28307.572
MinimumVisualStudioVersion = 10.0.40219.1
Project("{9A19103F-16F7-4668-BE54-9A1E7A4F7556}") = "GenerativePropertyTesting", "GenerativePropertyTesting.csproj", "{FF330951-1558-4835-8B00-FBC89EC2CBFE}"
EndProject
Global
	GlobalSection(SolutionConfigurationPlatforms) = preSolution
		Debug|Any CPU = Debug|Any CPU
		Release|Any CPU = Release|Any CPU
	EndGlobalSection
	GlobalSection(ProjectConfigurationPlatforms) = postSolution
		{FF330951-1558-4835-8B00-FBC89EC2CBFE}.Debug|Any CPU.ActiveCfg = Debug|Any CPU
		{FF330951-1558-4835-8B00-FBC89EC2CBFE}.Debug|Any CPU.Build.0 = Debug|Any CPU
		{FF330951-1558-4835-8B00-FBC89EC2CBFE}.Release|Any CPU.ActiveCfg = Release|Any CPU
		{FF330951-1558-4835-8B00-FBC89EC2CBFE}.Release|Any CPU.Build.0 = Release|Any CPU
	EndGlobalSection
	GlobalSection(SolutionProperties) = preSolution
		HideSolutionNode = FALSE
	EndGlobalSection
	GlobalSection(ExtensibilityGlobals) = postSolution
		SolutionGuid = {EA3BA589-49FD-458A-8FFD-09EF02F44E0E}
	EndGlobalSection
EndGlobal
